
Microsoft Visual Studio Solution File, Format Version 12.00
# Visual Studio Version 17
VisualStudioVersion = 17.10.35013.160
MinimumVisualStudioVersion = 10.0.40219.1
Project("{FAE04EC0-301F-11D3-BF4B-00C04F79EFBC}") = "Phonebook", "Phonebook\Phonebook.csproj", "{2368DDF8-8D68-4362-9ABD-4509FA50118D}"
EndProject
Global
	GlobalSection(SolutionConfigurationPlatforms) = preSolution
		Debug|Any CPU = Debug|Any CPU
		Release|Any CPU = Release|Any CPU
	EndGlobalSection
	GlobalSection(ProjectConfigurationPlatforms) = postSolution
		{2368DDF8-8D68-4362-9ABD-4509FA50118D}.Debug|Any CPU.ActiveCfg = Debug|Any CPU
		{2368DDF8-8D68-4362-9ABD-4509FA50118D}.Debug|Any CPU.Build.0 = Debug|Any CPU
		{2368DDF8-8D68-4362-9ABD-4509FA50118D}.Release|Any CPU.ActiveCfg = Release|Any CPU
		{2368DDF8-8D68-4362-9ABD-4509FA50118D}.Release|Any CPU.Build.0 = Release|Any CPU
	EndGlobalSection
	GlobalSection(SolutionProperties) = preSolution
		HideSolutionNode = FALSE
	EndGlobalSection
	GlobalSection(ExtensibilityGlobals) = postSolution
		SolutionGuid = {416653DC-B04B-4258-B7C9-34F1757E3E3D}
	EndGlobalSection
EndGlobal
